
Microsoft Visual Studio Solution File, Format Version 12.00
# Visual Studio Version 16
VisualStudioVersion = 16.0.29609.76
MinimumVisualStudioVersion = 10.0.40219.1
Project("{FAE04EC0-301F-11D3-BF4B-00C04F79EFBC}") = "VVVV.LaserDAC", "LaserDAC\VVVV.LaserDAC.csproj", "{EB7AC527-17BA-4B45-8FC6-A27DE635BDAB}"
EndProject
Project("{FAE04EC0-301F-11D3-BF4B-00C04F79EFBC}") = "EtherDreamNativeTester", "EtherDreamNativeTester\EtherDreamNativeTester.csproj", "{06464E6A-9018-4405-B4C5-93BF7B999895}"
EndProject
Project("{FAE04EC0-301F-11D3-BF4B-00C04F79EFBC}") = "RiyaTest", "RiyaTest\RiyaTest.csproj", "{D31E369E-CED2-46BE-89B9-9044B21FD283}"
EndProject
Project("{8BC9CEB8-8B4A-11D0-8D11-00A0C91BC942}") = "LSD", "lsd_1.6\LSD.vcxproj", "{D15D73D2-D1E0-4BEF-A481-45FF9A3696D4}"
EndProject
Project("{FAE04EC0-301F-11D3-BF4B-00C04F79EFBC}") = "LSD.net", "LSD.net\LSD.net.csproj", "{A6B96659-1854-4D02-B18F-BE0A66427711}"
EndProject
Project("{FAE04EC0-301F-11D3-BF4B-00C04F79EFBC}") = "LSD.net.bitmap", "LSD.net.bitmap\LSD.net.bitmap.csproj", "{AAC7AE01-25D3-4FD7-9098-0C98A7EC05D8}"
EndProject
Project("{2150E333-8FDC-42A3-9474-1A3956D46DE8}") = "LineSegmentDetection", "LineSegmentDetection", "{F402DF55-357B-4B59-9310-B6CEE0169DDA}"
EndProject
Global
	GlobalSection(SolutionConfigurationPlatforms) = preSolution
		Debug|Any CPU = Debug|Any CPU
		Debug|x64 = Debug|x64
		Debug|x86 = Debug|x86
		debug32|Any CPU = debug32|Any CPU
		debug32|x64 = debug32|x64
		debug32|x86 = debug32|x86
		debug64|Any CPU = debug64|Any CPU
		debug64|x64 = debug64|x64
		debug64|x86 = debug64|x86
		Release|Any CPU = Release|Any CPU
		Release|x64 = Release|x64
		Release|x86 = Release|x86
	EndGlobalSection
	GlobalSection(ProjectConfigurationPlatforms) = postSolution
		{EB7AC527-17BA-4B45-8FC6-A27DE635BDAB}.Debug|Any CPU.ActiveCfg = Debug|x86
		{EB7AC527-17BA-4B45-8FC6-A27DE635BDAB}.Debug|x64.ActiveCfg = Debug|x86
		{EB7AC527-17BA-4B45-8FC6-A27DE635BDAB}.Debug|x86.ActiveCfg = Debug|x86
		{EB7AC527-17BA-4B45-8FC6-A27DE635BDAB}.Debug|x86.Build.0 = Debug|x86
		{EB7AC527-17BA-4B45-8FC6-A27DE635BDAB}.debug32|Any CPU.ActiveCfg = Release|x86
		{EB7AC527-17BA-4B45-8FC6-A27DE635BDAB}.debug32|Any CPU.Build.0 = Release|x86
		{EB7AC527-17BA-4B45-8FC6-A27DE635BDAB}.debug32|x64.ActiveCfg = Release|x86
		{EB7AC527-17BA-4B45-8FC6-A27DE635BDAB}.debug32|x64.Build.0 = Release|x86
		{EB7AC527-17BA-4B45-8FC6-A27DE635BDAB}.debug32|x86.ActiveCfg = Debug|x86
		{EB7AC527-17BA-4B45-8FC6-A27DE635BDAB}.debug32|x86.Build.0 = Debug|x86
		{EB7AC527-17BA-4B45-8FC6-A27DE635BDAB}.debug64|Any CPU.ActiveCfg = Release|x86
		{EB7AC527-17BA-4B45-8FC6-A27DE635BDAB}.debug64|Any CPU.Build.0 = Release|x86
		{EB7AC527-17BA-4B45-8FC6-A27DE635BDAB}.debug64|x64.ActiveCfg = Release|x86
		{EB7AC527-17BA-4B45-8FC6-A27DE635BDAB}.debug64|x64.Build.0 = Release|x86
		{EB7AC527-17BA-4B45-8FC6-A27DE635BDAB}.debug64|x86.ActiveCfg = Debug|x86
		{EB7AC527-17BA-4B45-8FC6-A27DE635BDAB}.debug64|x86.Build.0 = Debug|x86
		{EB7AC527-17BA-4B45-8FC6-A27DE635BDAB}.Release|Any CPU.ActiveCfg = Release|x86
		{EB7AC527-17BA-4B45-8FC6-A27DE635BDAB}.Release|x64.ActiveCfg = Release|x86
		{EB7AC527-17BA-4B45-8FC6-A27DE635BDAB}.Release|x86.ActiveCfg = Release|x86
		{EB7AC527-17BA-4B45-8FC6-A27DE635BDAB}.Release|x86.Build.0 = Release|x86
		{06464E6A-9018-4405-B4C5-93BF7B999895}.Debug|Any CPU.ActiveCfg = Debug|x86
		{06464E6A-9018-4405-B4C5-93BF7B999895}.Debug|x64.ActiveCfg = Debug|x86
		{06464E6A-9018-4405-B4C5-93BF7B999895}.Debug|x86.ActiveCfg = Debug|x86
		{06464E6A-9018-4405-B4C5-93BF7B999895}.Debug|x86.Build.0 = Debug|x86
		{06464E6A-9018-4405-B4C5-93BF7B999895}.debug32|Any CPU.ActiveCfg = Release|x86
		{06464E6A-9018-4405-B4C5-93BF7B999895}.debug32|Any CPU.Build.0 = Release|x86
		{06464E6A-9018-4405-B4C5-93BF7B999895}.debug32|x64.ActiveCfg = Release|x86
		{06464E6A-9018-4405-B4C5-93BF7B999895}.debug32|x64.Build.0 = Release|x86
		{06464E6A-9018-4405-B4C5-93BF7B999895}.debug32|x86.ActiveCfg = Debug|x86
		{06464E6A-9018-4405-B4C5-93BF7B999895}.debug32|x86.Build.0 = Debug|x86
		{06464E6A-9018-4405-B4C5-93BF7B999895}.debug64|Any CPU.ActiveCfg = Release|x86
		{06464E6A-9018-4405-B4C5-93BF7B999895}.debug64|Any CPU.Build.0 = Release|x86
		{06464E6A-9018-4405-B4C5-93BF7B999895}.debug64|x64.ActiveCfg = Release|x86
		{06464E6A-9018-4405-B4C5-93BF7B999895}.debug64|x64.Build.0 = Release|x86
		{06464E6A-9018-4405-B4C5-93BF7B999895}.debug64|x86.ActiveCfg = Debug|x86
		{06464E6A-9018-4405-B4C5-93BF7B999895}.debug64|x86.Build.0 = Debug|x86
		{06464E6A-9018-4405-B4C5-93BF7B999895}.Release|Any CPU.ActiveCfg = Release|x86
		{06464E6A-9018-4405-B4C5-93BF7B999895}.Release|x64.ActiveCfg = Release|x86
		{06464E6A-9018-4405-B4C5-93BF7B999895}.Release|x86.ActiveCfg = Release|x86
		{06464E6A-9018-4405-B4C5-93BF7B999895}.Release|x86.Build.0 = Release|x86
		{D31E369E-CED2-46BE-89B9-9044B21FD283}.Debug|Any CPU.ActiveCfg = Debug|Any CPU
		{D31E369E-CED2-46BE-89B9-9044B21FD283}.Debug|Any CPU.Build.0 = Debug|Any CPU
		{D31E369E-CED2-46BE-89B9-9044B21FD283}.Debug|x64.ActiveCfg = Debug|Any CPU
		{D31E369E-CED2-46BE-89B9-9044B21FD283}.Debug|x64.Build.0 = Debug|Any CPU
		{D31E369E-CED2-46BE-89B9-9044B21FD283}.Debug|x86.ActiveCfg = Debug|Any CPU
		{D31E369E-CED2-46BE-89B9-9044B21FD283}.Debug|x86.Build.0 = Debug|Any CPU
		{D31E369E-CED2-46BE-89B9-9044B21FD283}.debug32|Any CPU.ActiveCfg = Debug|Any CPU
		{D31E369E-CED2-46BE-89B9-9044B21FD283}.debug32|Any CPU.Build.0 = Debug|Any CPU
		{D31E369E-CED2-46BE-89B9-9044B21FD283}.debug32|x64.ActiveCfg = Debug|Any CPU
		{D31E369E-CED2-46BE-89B9-9044B21FD283}.debug32|x64.Build.0 = Debug|Any CPU
		{D31E369E-CED2-46BE-89B9-9044B21FD283}.debug32|x86.ActiveCfg = Debug|Any CPU
		{D31E369E-CED2-46BE-89B9-9044B21FD283}.debug32|x86.Build.0 = Debug|Any CPU
		{D31E369E-CED2-46BE-89B9-9044B21FD283}.debug64|Any CPU.ActiveCfg = Debug|Any CPU
		{D31E369E-CED2-46BE-89B9-9044B21FD283}.debug64|Any CPU.Build.0 = Debug|Any CPU
		{D31E369E-CED2-46BE-89B9-9044B21FD283}.debug64|x64.ActiveCfg = Debug|Any CPU
		{D31E369E-CED2-46BE-89B9-9044B21FD283}.debug64|x64.Build.0 = Debug|Any CPU
		{D31E369E-CED2-46BE-89B9-9044B21FD283}.debug64|x86.ActiveCfg = Debug|Any CPU
		{D31E369E-CED2-46BE-89B9-9044B21FD283}.debug64|x86.Build.0 = Debug|Any CPU
		{D31E369E-CED2-46BE-89B9-9044B21FD283}.Release|Any CPU.ActiveCfg = Release|Any CPU
		{D31E369E-CED2-46BE-89B9-9044B21FD283}.Release|Any CPU.Build.0 = Release|Any CPU
		{D31E369E-CED2-46BE-89B9-9044B21FD283}.Release|x64.ActiveCfg = Release|Any CPU
		{D31E369E-CED2-46BE-89B9-9044B21FD283}.Release|x64.Build.0 = Release|Any CPU
		{D31E369E-CED2-46BE-89B9-9044B21FD283}.Release|x86.ActiveCfg = Release|Any CPU
		{D31E369E-CED2-46BE-89B9-9044B21FD283}.Release|x86.Build.0 = Release|Any CPU
		{D15D73D2-D1E0-4BEF-A481-45FF9A3696D4}.Debug|Any CPU.ActiveCfg = Debug|Win32
		{D15D73D2-D1E0-4BEF-A481-45FF9A3696D4}.Debug|x64.ActiveCfg = Debug|x64
		{D15D73D2-D1E0-4BEF-A481-45FF9A3696D4}.Debug|x64.Build.0 = Debug|x64
		{D15D73D2-D1E0-4BEF-A481-45FF9A3696D4}.Debug|x86.ActiveCfg = Debug|Win32
		{D15D73D2-D1E0-4BEF-A481-45FF9A3696D4}.Debug|x86.Build.0 = Debug|Win32
		{D15D73D2-D1E0-4BEF-A481-45FF9A3696D4}.debug32|Any CPU.ActiveCfg = debug32|Win32
		{D15D73D2-D1E0-4BEF-A481-45FF9A3696D4}.debug32|x64.ActiveCfg = debug32|x64
		{D15D73D2-D1E0-4BEF-A481-45FF9A3696D4}.debug32|x64.Build.0 = debug32|x64
		{D15D73D2-D1E0-4BEF-A481-45FF9A3696D4}.debug32|x86.ActiveCfg = debug32|Win32
		{D15D73D2-D1E0-4BEF-A481-45FF9A3696D4}.debug32|x86.Build.0 = debug32|Win32
		{D15D73D2-D1E0-4BEF-A481-45FF9A3696D4}.debug64|Any CPU.ActiveCfg = debug64|Win32
		{D15D73D2-D1E0-4BEF-A481-45FF9A3696D4}.debug64|x64.ActiveCfg = debug64|x64
		{D15D73D2-D1E0-4BEF-A481-45FF9A3696D4}.debug64|x64.Build.0 = debug64|x64
		{D15D73D2-D1E0-4BEF-A481-45FF9A3696D4}.debug64|x86.ActiveCfg = debug64|Win32
		{D15D73D2-D1E0-4BEF-A481-45FF9A3696D4}.debug64|x86.Build.0 = debug64|Win32
		{D15D73D2-D1E0-4BEF-A481-45FF9A3696D4}.Release|Any CPU.ActiveCfg = Release|Win32
		{D15D73D2-D1E0-4BEF-A481-45FF9A3696D4}.Release|x64.ActiveCfg = Release|x64
		{D15D73D2-D1E0-4BEF-A481-45FF9A3696D4}.Release|x64.Build.0 = Release|x64
		{D15D73D2-D1E0-4BEF-A481-45FF9A3696D4}.Release|x86.ActiveCfg = Release|Win32
		{D15D73D2-D1E0-4BEF-A481-45FF9A3696D4}.Release|x86.Build.0 = Release|Win32
		{A6B96659-1854-4D02-B18F-BE0A66427711}.Debug|Any CPU.ActiveCfg = Debug|Any CPU
		{A6B96659-1854-4D02-B18F-BE0A66427711}.Debug|Any CPU.Build.0 = Debug|Any CPU
		{A6B96659-1854-4D02-B18F-BE0A66427711}.Debug|x64.ActiveCfg = Debug|x64
		{A6B96659-1854-4D02-B18F-BE0A66427711}.Debug|x64.Build.0 = Debug|x64
		{A6B96659-1854-4D02-B18F-BE0A66427711}.Debug|x86.ActiveCfg = Debug|x86
		{A6B96659-1854-4D02-B18F-BE0A66427711}.Debug|x86.Build.0 = Debug|x86
		{A6B96659-1854-4D02-B18F-BE0A66427711}.debug32|Any CPU.ActiveCfg = debug32|Any CPU
		{A6B96659-1854-4D02-B18F-BE0A66427711}.debug32|Any CPU.Build.0 = debug32|Any CPU
		{A6B96659-1854-4D02-B18F-BE0A66427711}.debug32|x64.ActiveCfg = debug32|x64
		{A6B96659-1854-4D02-B18F-BE0A66427711}.debug32|x64.Build.0 = debug32|x64
		{A6B96659-1854-4D02-B18F-BE0A66427711}.debug32|x86.ActiveCfg = debug32|x86
		{A6B96659-1854-4D02-B18F-BE0A66427711}.debug32|x86.Build.0 = debug32|x86
		{A6B96659-1854-4D02-B18F-BE0A66427711}.debug64|Any CPU.ActiveCfg = debug64|Any CPU
		{A6B96659-1854-4D02-B18F-BE0A66427711}.debug64|Any CPU.Build.0 = debug64|Any CPU
		{A6B96659-1854-4D02-B18F-BE0A66427711}.debug64|x64.ActiveCfg = debug64|x64
		{A6B96659-1854-4D02-B18F-BE0A66427711}.debug64|x64.Build.0 = debug64|x64
		{A6B96659-1854-4D02-B18F-BE0A66427711}.debug64|x86.ActiveCfg = debug64|x86
		{A6B96659-1854-4D02-B18F-BE0A66427711}.debug64|x86.Build.0 = debug64|x86
		{A6B96659-1854-4D02-B18F-BE0A66427711}.Release|Any CPU.ActiveCfg = Release|Any CPU
		{A6B96659-1854-4D02-B18F-BE0A66427711}.Release|Any CPU.Build.0 = Release|Any CPU
		{A6B96659-1854-4D02-B18F-BE0A66427711}.Release|x64.ActiveCfg = Release|x64
		{A6B96659-1854-4D02-B18F-BE0A66427711}.Release|x64.Build.0 = Release|x64
		{A6B96659-1854-4D02-B18F-BE0A66427711}.Release|x86.ActiveCfg = Release|x86
		{A6B96659-1854-4D02-B18F-BE0A66427711}.Release|x86.Build.0 = Release|x86
		{AAC7AE01-25D3-4FD7-9098-0C98A7EC05D8}.Debug|Any CPU.ActiveCfg = Debug|Any CPU
		{AAC7AE01-25D3-4FD7-9098-0C98A7EC05D8}.Debug|Any CPU.Build.0 = Debug|Any CPU
		{AAC7AE01-25D3-4FD7-9098-0C98A7EC05D8}.Debug|x64.ActiveCfg = Debug|x64
		{AAC7AE01-25D3-4FD7-9098-0C98A7EC05D8}.Debug|x64.Build.0 = Debug|x64
		{AAC7AE01-25D3-4FD7-9098-0C98A7EC05D8}.Debug|x86.ActiveCfg = Debug|Any CPU
		{AAC7AE01-25D3-4FD7-9098-0C98A7EC05D8}.Debug|x86.Build.0 = Debug|Any CPU
		{AAC7AE01-25D3-4FD7-9098-0C98A7EC05D8}.debug32|Any CPU.ActiveCfg = debug32|Any CPU
		{AAC7AE01-25D3-4FD7-9098-0C98A7EC05D8}.debug32|Any CPU.Build.0 = debug32|Any CPU
		{AAC7AE01-25D3-4FD7-9098-0C98A7EC05D8}.debug32|x64.ActiveCfg = debug32|x64
		{AAC7AE01-25D3-4FD7-9098-0C98A7EC05D8}.debug32|x64.Build.0 = debug32|x64
		{AAC7AE01-25D3-4FD7-9098-0C98A7EC05D8}.debug32|x86.ActiveCfg = debug32|Any CPU
		{AAC7AE01-25D3-4FD7-9098-0C98A7EC05D8}.debug32|x86.Build.0 = debug32|Any CPU
		{AAC7AE01-25D3-4FD7-9098-0C98A7EC05D8}.debug64|Any CPU.ActiveCfg = debug64|Any CPU
		{AAC7AE01-25D3-4FD7-9098-0C98A7EC05D8}.debug64|Any CPU.Build.0 = debug64|Any CPU
		{AAC7AE01-25D3-4FD7-9098-0C98A7EC05D8}.debug64|x64.ActiveCfg = debug64|x64
		{AAC7AE01-25D3-4FD7-9098-0C98A7EC05D8}.debug64|x64.Build.0 = debug64|x64
		{AAC7AE01-25D3-4FD7-9098-0C98A7EC05D8}.debug64|x86.ActiveCfg = debug64|Any CPU
		{AAC7AE01-25D3-4FD7-9098-0C98A7EC05D8}.debug64|x86.Build.0 = debug64|Any CPU
		{AAC7AE01-25D3-4FD7-9098-0C98A7EC05D8}.Release|Any CPU.ActiveCfg = Release|Any CPU
		{AAC7AE01-25D3-4FD7-9098-0C98A7EC05D8}.Release|Any CPU.Build.0 = Release|Any CPU
		{AAC7AE01-25D3-4FD7-9098-0C98A7EC05D8}.Release|x64.ActiveCfg = Release|x64
		{AAC7AE01-25D3-4FD7-9098-0C98A7EC05D8}.Release|x64.Build.0 = Release|x64
		{AAC7AE01-25D3-4FD7-9098-0C98A7EC05D8}.Release|x86.ActiveCfg = Release|Any CPU
		{AAC7AE01-25D3-4FD7-9098-0C98A7EC05D8}.Release|x86.Build.0 = Release|Any CPU
	EndGlobalSection
	GlobalSection(SolutionProperties) = preSolution
		HideSolutionNode = FALSE
	EndGlobalSection
	GlobalSection(NestedProjects) = preSolution
		{D15D73D2-D1E0-4BEF-A481-45FF9A3696D4} = {F402DF55-357B-4B59-9310-B6CEE0169DDA}
		{A6B96659-1854-4D02-B18F-BE0A66427711} = {F402DF55-357B-4B59-9310-B6CEE0169DDA}
		{AAC7AE01-25D3-4FD7-9098-0C98A7EC05D8} = {F402DF55-357B-4B59-9310-B6CEE0169DDA}
	EndGlobalSection
	GlobalSection(ExtensibilityGlobals) = postSolution
		SolutionGuid = {706F47D8-C973-448A-868D-D529A0F5A54B}
	EndGlobalSection
EndGlobal
