
Microsoft Visual Studio Solution File, Format Version 12.00
# Visual Studio Version 16
VisualStudioVersion = 16.0.29609.76
MinimumVisualStudioVersion = 10.0.40219.1
Project("{FAE04EC0-301F-11D3-BF4B-00C04F79EFBC}") = "LaserDisplay", "LaserDisplay.csproj", "{8121846D-923E-4BB0-8647-30DA753D156E}"
EndProject
Project("{FAE04EC0-301F-11D3-BF4B-00C04F79EFBC}") = "VVVV.LaserDAC", "..\laserdac\LaserDAC\VVVV.LaserDAC.csproj", "{EB7AC527-17BA-4B45-8FC6-A27DE635BDAB}"
EndProject
Project("{FAE04EC0-301F-11D3-BF4B-00C04F79EFBC}") = "EtherDreamNativeTester", "..\laserdac\EtherDreamNativeTester\EtherDreamNativeTester.csproj", "{06464E6A-9018-4405-B4C5-93BF7B999895}"
EndProject
Project("{8BC9CEB8-8B4A-11D0-8D11-00A0C91BC942}") = "LSD", "..\LSD\lsd_1.6\LSD.vcxproj", "{D15D73D2-D1E0-4BEF-A481-45FF9A3696D4}"
EndProject
Project("{FAE04EC0-301F-11D3-BF4B-00C04F79EFBC}") = "LSD.net", "..\LSD\LSD.net\LSD.net.csproj", "{A6B96659-1854-4D02-B18F-BE0A66427711}"
EndProject
Project("{FAE04EC0-301F-11D3-BF4B-00C04F79EFBC}") = "LSD.net.bitmap", "..\LSD\LSD.net.bitmap\LSD.net.bitmap.csproj", "{AAC7AE01-25D3-4FD7-9098-0C98A7EC05D8}"
EndProject
Project("{FAE04EC0-301F-11D3-BF4B-00C04F79EFBC}") = "HtmlRenderer", "..\HtmlRenderer\HtmlRenderer.csproj", "{E9CC1862-3DA1-44A7-96BA-E427C0053B67}"
EndProject
Project("{FAE04EC0-301F-11D3-BF4B-00C04F79EFBC}") = "CaptureApp", "..\CaptureApp\CaptureApp.csproj", "{91C6061F-9EB1-48E8-91E2-11C18D0E8ABA}"
EndProject
Global
	GlobalSection(SolutionConfigurationPlatforms) = preSolution
		Debug|Any CPU = Debug|Any CPU
		Debug|ARM = Debug|ARM
		Debug|ARM64 = Debug|ARM64
		Debug|x64 = Debug|x64
		Debug|x86 = Debug|x86
		debug32|Any CPU = debug32|Any CPU
		debug32|ARM = debug32|ARM
		debug32|ARM64 = debug32|ARM64
		debug32|x64 = debug32|x64
		debug32|x86 = debug32|x86
		debug64|Any CPU = debug64|Any CPU
		debug64|ARM = debug64|ARM
		debug64|ARM64 = debug64|ARM64
		debug64|x64 = debug64|x64
		debug64|x86 = debug64|x86
		Release|Any CPU = Release|Any CPU
		Release|ARM = Release|ARM
		Release|ARM64 = Release|ARM64
		Release|x64 = Release|x64
		Release|x86 = Release|x86
	EndGlobalSection
	GlobalSection(ProjectConfigurationPlatforms) = postSolution
		{8121846D-923E-4BB0-8647-30DA753D156E}.Debug|Any CPU.ActiveCfg = Debug|Any CPU
		{8121846D-923E-4BB0-8647-30DA753D156E}.Debug|Any CPU.Build.0 = Debug|Any CPU
		{8121846D-923E-4BB0-8647-30DA753D156E}.Debug|ARM.ActiveCfg = Debug|Any CPU
		{8121846D-923E-4BB0-8647-30DA753D156E}.Debug|ARM.Build.0 = Debug|Any CPU
		{8121846D-923E-4BB0-8647-30DA753D156E}.Debug|ARM64.ActiveCfg = Debug|Any CPU
		{8121846D-923E-4BB0-8647-30DA753D156E}.Debug|ARM64.Build.0 = Debug|Any CPU
		{8121846D-923E-4BB0-8647-30DA753D156E}.Debug|x64.ActiveCfg = Debug|Any CPU
		{8121846D-923E-4BB0-8647-30DA753D156E}.Debug|x64.Build.0 = Debug|Any CPU
		{8121846D-923E-4BB0-8647-30DA753D156E}.Debug|x86.ActiveCfg = Debug|x86
		{8121846D-923E-4BB0-8647-30DA753D156E}.Debug|x86.Build.0 = Debug|x86
		{8121846D-923E-4BB0-8647-30DA753D156E}.debug32|Any CPU.ActiveCfg = Debug|Any CPU
		{8121846D-923E-4BB0-8647-30DA753D156E}.debug32|Any CPU.Build.0 = Debug|Any CPU
		{8121846D-923E-4BB0-8647-30DA753D156E}.debug32|ARM.ActiveCfg = Debug|Any CPU
		{8121846D-923E-4BB0-8647-30DA753D156E}.debug32|ARM.Build.0 = Debug|Any CPU
		{8121846D-923E-4BB0-8647-30DA753D156E}.debug32|ARM64.ActiveCfg = Debug|Any CPU
		{8121846D-923E-4BB0-8647-30DA753D156E}.debug32|ARM64.Build.0 = Debug|Any CPU
		{8121846D-923E-4BB0-8647-30DA753D156E}.debug32|x64.ActiveCfg = Debug|Any CPU
		{8121846D-923E-4BB0-8647-30DA753D156E}.debug32|x64.Build.0 = Debug|Any CPU
		{8121846D-923E-4BB0-8647-30DA753D156E}.debug32|x86.ActiveCfg = Debug|x86
		{8121846D-923E-4BB0-8647-30DA753D156E}.debug32|x86.Build.0 = Debug|x86
		{8121846D-923E-4BB0-8647-30DA753D156E}.debug64|Any CPU.ActiveCfg = Debug|Any CPU
		{8121846D-923E-4BB0-8647-30DA753D156E}.debug64|Any CPU.Build.0 = Debug|Any CPU
		{8121846D-923E-4BB0-8647-30DA753D156E}.debug64|ARM.ActiveCfg = Debug|Any CPU
		{8121846D-923E-4BB0-8647-30DA753D156E}.debug64|ARM.Build.0 = Debug|Any CPU
		{8121846D-923E-4BB0-8647-30DA753D156E}.debug64|ARM64.ActiveCfg = Debug|Any CPU
		{8121846D-923E-4BB0-8647-30DA753D156E}.debug64|ARM64.Build.0 = Debug|Any CPU
		{8121846D-923E-4BB0-8647-30DA753D156E}.debug64|x64.ActiveCfg = Debug|Any CPU
		{8121846D-923E-4BB0-8647-30DA753D156E}.debug64|x64.Build.0 = Debug|Any CPU
		{8121846D-923E-4BB0-8647-30DA753D156E}.debug64|x86.ActiveCfg = Debug|x86
		{8121846D-923E-4BB0-8647-30DA753D156E}.debug64|x86.Build.0 = Debug|x86
		{8121846D-923E-4BB0-8647-30DA753D156E}.Release|Any CPU.ActiveCfg = Release|Any CPU
		{8121846D-923E-4BB0-8647-30DA753D156E}.Release|Any CPU.Build.0 = Release|Any CPU
		{8121846D-923E-4BB0-8647-30DA753D156E}.Release|ARM.ActiveCfg = Release|Any CPU
		{8121846D-923E-4BB0-8647-30DA753D156E}.Release|ARM.Build.0 = Release|Any CPU
		{8121846D-923E-4BB0-8647-30DA753D156E}.Release|ARM64.ActiveCfg = Release|Any CPU
		{8121846D-923E-4BB0-8647-30DA753D156E}.Release|ARM64.Build.0 = Release|Any CPU
		{8121846D-923E-4BB0-8647-30DA753D156E}.Release|x64.ActiveCfg = Release|Any CPU
		{8121846D-923E-4BB0-8647-30DA753D156E}.Release|x64.Build.0 = Release|Any CPU
		{8121846D-923E-4BB0-8647-30DA753D156E}.Release|x86.ActiveCfg = Release|Any CPU
		{8121846D-923E-4BB0-8647-30DA753D156E}.Release|x86.Build.0 = Release|Any CPU
		{EB7AC527-17BA-4B45-8FC6-A27DE635BDAB}.Debug|Any CPU.ActiveCfg = Debug|x86
		{EB7AC527-17BA-4B45-8FC6-A27DE635BDAB}.Debug|ARM.ActiveCfg = Debug|x86
		{EB7AC527-17BA-4B45-8FC6-A27DE635BDAB}.Debug|ARM64.ActiveCfg = Debug|x86
		{EB7AC527-17BA-4B45-8FC6-A27DE635BDAB}.Debug|x64.ActiveCfg = Debug|x86
		{EB7AC527-17BA-4B45-8FC6-A27DE635BDAB}.Debug|x86.ActiveCfg = Debug|x86
		{EB7AC527-17BA-4B45-8FC6-A27DE635BDAB}.Debug|x86.Build.0 = Debug|x86
		{EB7AC527-17BA-4B45-8FC6-A27DE635BDAB}.debug32|Any CPU.ActiveCfg = Release|x86
		{EB7AC527-17BA-4B45-8FC6-A27DE635BDAB}.debug32|Any CPU.Build.0 = Release|x86
		{EB7AC527-17BA-4B45-8FC6-A27DE635BDAB}.debug32|ARM.ActiveCfg = Release|x86
		{EB7AC527-17BA-4B45-8FC6-A27DE635BDAB}.debug32|ARM.Build.0 = Release|x86
		{EB7AC527-17BA-4B45-8FC6-A27DE635BDAB}.debug32|ARM64.ActiveCfg = Release|x86
		{EB7AC527-17BA-4B45-8FC6-A27DE635BDAB}.debug32|ARM64.Build.0 = Release|x86
		{EB7AC527-17BA-4B45-8FC6-A27DE635BDAB}.debug32|x64.ActiveCfg = Release|x86
		{EB7AC527-17BA-4B45-8FC6-A27DE635BDAB}.debug32|x64.Build.0 = Release|x86
		{EB7AC527-17BA-4B45-8FC6-A27DE635BDAB}.debug32|x86.ActiveCfg = Debug|x86
		{EB7AC527-17BA-4B45-8FC6-A27DE635BDAB}.debug32|x86.Build.0 = Debug|x86
		{EB7AC527-17BA-4B45-8FC6-A27DE635BDAB}.debug64|Any CPU.ActiveCfg = Release|x86
		{EB7AC527-17BA-4B45-8FC6-A27DE635BDAB}.debug64|Any CPU.Build.0 = Release|x86
		{EB7AC527-17BA-4B45-8FC6-A27DE635BDAB}.debug64|ARM.ActiveCfg = Release|x86
		{EB7AC527-17BA-4B45-8FC6-A27DE635BDAB}.debug64|ARM.Build.0 = Release|x86
		{EB7AC527-17BA-4B45-8FC6-A27DE635BDAB}.debug64|ARM64.ActiveCfg = Release|x86
		{EB7AC527-17BA-4B45-8FC6-A27DE635BDAB}.debug64|ARM64.Build.0 = Release|x86
		{EB7AC527-17BA-4B45-8FC6-A27DE635BDAB}.debug64|x64.ActiveCfg = Release|x86
		{EB7AC527-17BA-4B45-8FC6-A27DE635BDAB}.debug64|x64.Build.0 = Release|x86
		{EB7AC527-17BA-4B45-8FC6-A27DE635BDAB}.debug64|x86.ActiveCfg = Debug|x86
		{EB7AC527-17BA-4B45-8FC6-A27DE635BDAB}.debug64|x86.Build.0 = Debug|x86
		{EB7AC527-17BA-4B45-8FC6-A27DE635BDAB}.Release|Any CPU.ActiveCfg = Release|x86
		{EB7AC527-17BA-4B45-8FC6-A27DE635BDAB}.Release|ARM.ActiveCfg = Release|x86
		{EB7AC527-17BA-4B45-8FC6-A27DE635BDAB}.Release|ARM64.ActiveCfg = Release|x86
		{EB7AC527-17BA-4B45-8FC6-A27DE635BDAB}.Release|x64.ActiveCfg = Release|x86
		{EB7AC527-17BA-4B45-8FC6-A27DE635BDAB}.Release|x86.ActiveCfg = Release|x86
		{EB7AC527-17BA-4B45-8FC6-A27DE635BDAB}.Release|x86.Build.0 = Release|x86
		{06464E6A-9018-4405-B4C5-93BF7B999895}.Debug|Any CPU.ActiveCfg = Debug|x86
		{06464E6A-9018-4405-B4C5-93BF7B999895}.Debug|ARM.ActiveCfg = Debug|x86
		{06464E6A-9018-4405-B4C5-93BF7B999895}.Debug|ARM64.ActiveCfg = Debug|x86
		{06464E6A-9018-4405-B4C5-93BF7B999895}.Debug|x64.ActiveCfg = Debug|x86
		{06464E6A-9018-4405-B4C5-93BF7B999895}.Debug|x86.ActiveCfg = Debug|x86
		{06464E6A-9018-4405-B4C5-93BF7B999895}.Debug|x86.Build.0 = Debug|x86
		{06464E6A-9018-4405-B4C5-93BF7B999895}.debug32|Any CPU.ActiveCfg = Release|x86
		{06464E6A-9018-4405-B4C5-93BF7B999895}.debug32|Any CPU.Build.0 = Release|x86
		{06464E6A-9018-4405-B4C5-93BF7B999895}.debug32|ARM.ActiveCfg = Release|x86
		{06464E6A-9018-4405-B4C5-93BF7B999895}.debug32|ARM.Build.0 = Release|x86
		{06464E6A-9018-4405-B4C5-93BF7B999895}.debug32|ARM64.ActiveCfg = Release|x86
		{06464E6A-9018-4405-B4C5-93BF7B999895}.debug32|ARM64.Build.0 = Release|x86
		{06464E6A-9018-4405-B4C5-93BF7B999895}.debug32|x64.ActiveCfg = Release|x86
		{06464E6A-9018-4405-B4C5-93BF7B999895}.debug32|x64.Build.0 = Release|x86
		{06464E6A-9018-4405-B4C5-93BF7B999895}.debug32|x86.ActiveCfg = Debug|x86
		{06464E6A-9018-4405-B4C5-93BF7B999895}.debug32|x86.Build.0 = Debug|x86
		{06464E6A-9018-4405-B4C5-93BF7B999895}.debug64|Any CPU.ActiveCfg = Release|x86
		{06464E6A-9018-4405-B4C5-93BF7B999895}.debug64|Any CPU.Build.0 = Release|x86
		{06464E6A-9018-4405-B4C5-93BF7B999895}.debug64|ARM.ActiveCfg = Release|x86
		{06464E6A-9018-4405-B4C5-93BF7B999895}.debug64|ARM.Build.0 = Release|x86
		{06464E6A-9018-4405-B4C5-93BF7B999895}.debug64|ARM64.ActiveCfg = Release|x86
		{06464E6A-9018-4405-B4C5-93BF7B999895}.debug64|ARM64.Build.0 = Release|x86
		{06464E6A-9018-4405-B4C5-93BF7B999895}.debug64|x64.ActiveCfg = Release|x86
		{06464E6A-9018-4405-B4C5-93BF7B999895}.debug64|x64.Build.0 = Release|x86
		{06464E6A-9018-4405-B4C5-93BF7B999895}.debug64|x86.ActiveCfg = Debug|x86
		{06464E6A-9018-4405-B4C5-93BF7B999895}.debug64|x86.Build.0 = Debug|x86
		{06464E6A-9018-4405-B4C5-93BF7B999895}.Release|Any CPU.ActiveCfg = Release|x86
		{06464E6A-9018-4405-B4C5-93BF7B999895}.Release|ARM.ActiveCfg = Release|x86
		{06464E6A-9018-4405-B4C5-93BF7B999895}.Release|ARM64.ActiveCfg = Release|x86
		{06464E6A-9018-4405-B4C5-93BF7B999895}.Release|x64.ActiveCfg = Release|x86
		{06464E6A-9018-4405-B4C5-93BF7B999895}.Release|x86.ActiveCfg = Release|x86
		{06464E6A-9018-4405-B4C5-93BF7B999895}.Release|x86.Build.0 = Release|x86
		{D15D73D2-D1E0-4BEF-A481-45FF9A3696D4}.Debug|Any CPU.ActiveCfg = Debug|Win32
		{D15D73D2-D1E0-4BEF-A481-45FF9A3696D4}.Debug|ARM.ActiveCfg = Debug|Win32
		{D15D73D2-D1E0-4BEF-A481-45FF9A3696D4}.Debug|ARM64.ActiveCfg = Debug|Win32
		{D15D73D2-D1E0-4BEF-A481-45FF9A3696D4}.Debug|x64.ActiveCfg = Debug|x64
		{D15D73D2-D1E0-4BEF-A481-45FF9A3696D4}.Debug|x64.Build.0 = Debug|x64
		{D15D73D2-D1E0-4BEF-A481-45FF9A3696D4}.Debug|x86.ActiveCfg = Debug|Win32
		{D15D73D2-D1E0-4BEF-A481-45FF9A3696D4}.Debug|x86.Build.0 = Debug|Win32
		{D15D73D2-D1E0-4BEF-A481-45FF9A3696D4}.debug32|Any CPU.ActiveCfg = debug32|Win32
		{D15D73D2-D1E0-4BEF-A481-45FF9A3696D4}.debug32|ARM.ActiveCfg = debug32|Win32
		{D15D73D2-D1E0-4BEF-A481-45FF9A3696D4}.debug32|ARM64.ActiveCfg = debug32|Win32
		{D15D73D2-D1E0-4BEF-A481-45FF9A3696D4}.debug32|x64.ActiveCfg = debug32|x64
		{D15D73D2-D1E0-4BEF-A481-45FF9A3696D4}.debug32|x64.Build.0 = debug32|x64
		{D15D73D2-D1E0-4BEF-A481-45FF9A3696D4}.debug32|x86.ActiveCfg = debug32|Win32
		{D15D73D2-D1E0-4BEF-A481-45FF9A3696D4}.debug32|x86.Build.0 = debug32|Win32
		{D15D73D2-D1E0-4BEF-A481-45FF9A3696D4}.debug64|Any CPU.ActiveCfg = debug64|Win32
		{D15D73D2-D1E0-4BEF-A481-45FF9A3696D4}.debug64|ARM.ActiveCfg = debug64|Win32
		{D15D73D2-D1E0-4BEF-A481-45FF9A3696D4}.debug64|ARM64.ActiveCfg = debug64|Win32
		{D15D73D2-D1E0-4BEF-A481-45FF9A3696D4}.debug64|x64.ActiveCfg = debug64|x64
		{D15D73D2-D1E0-4BEF-A481-45FF9A3696D4}.debug64|x64.Build.0 = debug64|x64
		{D15D73D2-D1E0-4BEF-A481-45FF9A3696D4}.debug64|x86.ActiveCfg = debug64|Win32
		{D15D73D2-D1E0-4BEF-A481-45FF9A3696D4}.debug64|x86.Build.0 = debug64|Win32
		{D15D73D2-D1E0-4BEF-A481-45FF9A3696D4}.Release|Any CPU.ActiveCfg = Release|Win32
		{D15D73D2-D1E0-4BEF-A481-45FF9A3696D4}.Release|ARM.ActiveCfg = Release|Win32
		{D15D73D2-D1E0-4BEF-A481-45FF9A3696D4}.Release|ARM64.ActiveCfg = Release|Win32
		{D15D73D2-D1E0-4BEF-A481-45FF9A3696D4}.Release|x64.ActiveCfg = Release|x64
		{D15D73D2-D1E0-4BEF-A481-45FF9A3696D4}.Release|x64.Build.0 = Release|x64
		{D15D73D2-D1E0-4BEF-A481-45FF9A3696D4}.Release|x86.ActiveCfg = Release|Win32
		{D15D73D2-D1E0-4BEF-A481-45FF9A3696D4}.Release|x86.Build.0 = Release|Win32
		{A6B96659-1854-4D02-B18F-BE0A66427711}.Debug|Any CPU.ActiveCfg = Debug|Any CPU
		{A6B96659-1854-4D02-B18F-BE0A66427711}.Debug|Any CPU.Build.0 = Debug|Any CPU
		{A6B96659-1854-4D02-B18F-BE0A66427711}.Debug|ARM.ActiveCfg = Debug|Any CPU
		{A6B96659-1854-4D02-B18F-BE0A66427711}.Debug|ARM.Build.0 = Debug|Any CPU
		{A6B96659-1854-4D02-B18F-BE0A66427711}.Debug|ARM64.ActiveCfg = Debug|Any CPU
		{A6B96659-1854-4D02-B18F-BE0A66427711}.Debug|ARM64.Build.0 = Debug|Any CPU
		{A6B96659-1854-4D02-B18F-BE0A66427711}.Debug|x64.ActiveCfg = Debug|x64
		{A6B96659-1854-4D02-B18F-BE0A66427711}.Debug|x64.Build.0 = Debug|x64
		{A6B96659-1854-4D02-B18F-BE0A66427711}.Debug|x86.ActiveCfg = Debug|x86
		{A6B96659-1854-4D02-B18F-BE0A66427711}.Debug|x86.Build.0 = Debug|x86
		{A6B96659-1854-4D02-B18F-BE0A66427711}.debug32|Any CPU.ActiveCfg = debug32|Any CPU
		{A6B96659-1854-4D02-B18F-BE0A66427711}.debug32|Any CPU.Build.0 = debug32|Any CPU
		{A6B96659-1854-4D02-B18F-BE0A66427711}.debug32|ARM.ActiveCfg = debug32|Any CPU
		{A6B96659-1854-4D02-B18F-BE0A66427711}.debug32|ARM.Build.0 = debug32|Any CPU
		{A6B96659-1854-4D02-B18F-BE0A66427711}.debug32|ARM64.ActiveCfg = debug32|Any CPU
		{A6B96659-1854-4D02-B18F-BE0A66427711}.debug32|ARM64.Build.0 = debug32|Any CPU
		{A6B96659-1854-4D02-B18F-BE0A66427711}.debug32|x64.ActiveCfg = debug32|x64
		{A6B96659-1854-4D02-B18F-BE0A66427711}.debug32|x64.Build.0 = debug32|x64
		{A6B96659-1854-4D02-B18F-BE0A66427711}.debug32|x86.ActiveCfg = debug32|x86
		{A6B96659-1854-4D02-B18F-BE0A66427711}.debug32|x86.Build.0 = debug32|x86
		{A6B96659-1854-4D02-B18F-BE0A66427711}.debug64|Any CPU.ActiveCfg = debug64|Any CPU
		{A6B96659-1854-4D02-B18F-BE0A66427711}.debug64|Any CPU.Build.0 = debug64|Any CPU
		{A6B96659-1854-4D02-B18F-BE0A66427711}.debug64|ARM.ActiveCfg = debug64|Any CPU
		{A6B96659-1854-4D02-B18F-BE0A66427711}.debug64|ARM.Build.0 = debug64|Any CPU
		{A6B96659-1854-4D02-B18F-BE0A66427711}.debug64|ARM64.ActiveCfg = debug64|Any CPU
		{A6B96659-1854-4D02-B18F-BE0A66427711}.debug64|ARM64.Build.0 = debug64|Any CPU
		{A6B96659-1854-4D02-B18F-BE0A66427711}.debug64|x64.ActiveCfg = debug64|x64
		{A6B96659-1854-4D02-B18F-BE0A66427711}.debug64|x64.Build.0 = debug64|x64
		{A6B96659-1854-4D02-B18F-BE0A66427711}.debug64|x86.ActiveCfg = debug64|x86
		{A6B96659-1854-4D02-B18F-BE0A66427711}.debug64|x86.Build.0 = debug64|x86
		{A6B96659-1854-4D02-B18F-BE0A66427711}.Release|Any CPU.ActiveCfg = Release|Any CPU
		{A6B96659-1854-4D02-B18F-BE0A66427711}.Release|Any CPU.Build.0 = Release|Any CPU
		{A6B96659-1854-4D02-B18F-BE0A66427711}.Release|ARM.ActiveCfg = Release|Any CPU
		{A6B96659-1854-4D02-B18F-BE0A66427711}.Release|ARM.Build.0 = Release|Any CPU
		{A6B96659-1854-4D02-B18F-BE0A66427711}.Release|ARM64.ActiveCfg = Release|Any CPU
		{A6B96659-1854-4D02-B18F-BE0A66427711}.Release|ARM64.Build.0 = Release|Any CPU
		{A6B96659-1854-4D02-B18F-BE0A66427711}.Release|x64.ActiveCfg = Release|x64
		{A6B96659-1854-4D02-B18F-BE0A66427711}.Release|x64.Build.0 = Release|x64
		{A6B96659-1854-4D02-B18F-BE0A66427711}.Release|x86.ActiveCfg = Release|x86
		{A6B96659-1854-4D02-B18F-BE0A66427711}.Release|x86.Build.0 = Release|x86
		{AAC7AE01-25D3-4FD7-9098-0C98A7EC05D8}.Debug|Any CPU.ActiveCfg = Debug|Any CPU
		{AAC7AE01-25D3-4FD7-9098-0C98A7EC05D8}.Debug|Any CPU.Build.0 = Debug|Any CPU
		{AAC7AE01-25D3-4FD7-9098-0C98A7EC05D8}.Debug|ARM.ActiveCfg = Debug|Any CPU
		{AAC7AE01-25D3-4FD7-9098-0C98A7EC05D8}.Debug|ARM.Build.0 = Debug|Any CPU
		{AAC7AE01-25D3-4FD7-9098-0C98A7EC05D8}.Debug|ARM64.ActiveCfg = Debug|Any CPU
		{AAC7AE01-25D3-4FD7-9098-0C98A7EC05D8}.Debug|ARM64.Build.0 = Debug|Any CPU
		{AAC7AE01-25D3-4FD7-9098-0C98A7EC05D8}.Debug|x64.ActiveCfg = Debug|x64
		{AAC7AE01-25D3-4FD7-9098-0C98A7EC05D8}.Debug|x64.Build.0 = Debug|x64
		{AAC7AE01-25D3-4FD7-9098-0C98A7EC05D8}.Debug|x86.ActiveCfg = Debug|Any CPU
		{AAC7AE01-25D3-4FD7-9098-0C98A7EC05D8}.Debug|x86.Build.0 = Debug|Any CPU
		{AAC7AE01-25D3-4FD7-9098-0C98A7EC05D8}.debug32|Any CPU.ActiveCfg = debug32|Any CPU
		{AAC7AE01-25D3-4FD7-9098-0C98A7EC05D8}.debug32|Any CPU.Build.0 = debug32|Any CPU
		{AAC7AE01-25D3-4FD7-9098-0C98A7EC05D8}.debug32|ARM.ActiveCfg = debug32|Any CPU
		{AAC7AE01-25D3-4FD7-9098-0C98A7EC05D8}.debug32|ARM.Build.0 = debug32|Any CPU
		{AAC7AE01-25D3-4FD7-9098-0C98A7EC05D8}.debug32|ARM64.ActiveCfg = debug32|Any CPU
		{AAC7AE01-25D3-4FD7-9098-0C98A7EC05D8}.debug32|ARM64.Build.0 = debug32|Any CPU
		{AAC7AE01-25D3-4FD7-9098-0C98A7EC05D8}.debug32|x64.ActiveCfg = debug32|x64
		{AAC7AE01-25D3-4FD7-9098-0C98A7EC05D8}.debug32|x64.Build.0 = debug32|x64
		{AAC7AE01-25D3-4FD7-9098-0C98A7EC05D8}.debug32|x86.ActiveCfg = debug32|Any CPU
		{AAC7AE01-25D3-4FD7-9098-0C98A7EC05D8}.debug32|x86.Build.0 = debug32|Any CPU
		{AAC7AE01-25D3-4FD7-9098-0C98A7EC05D8}.debug64|Any CPU.ActiveCfg = debug64|Any CPU
		{AAC7AE01-25D3-4FD7-9098-0C98A7EC05D8}.debug64|Any CPU.Build.0 = debug64|Any CPU
		{AAC7AE01-25D3-4FD7-9098-0C98A7EC05D8}.debug64|ARM.ActiveCfg = debug64|Any CPU
		{AAC7AE01-25D3-4FD7-9098-0C98A7EC05D8}.debug64|ARM.Build.0 = debug64|Any CPU
		{AAC7AE01-25D3-4FD7-9098-0C98A7EC05D8}.debug64|ARM64.ActiveCfg = debug64|Any CPU
		{AAC7AE01-25D3-4FD7-9098-0C98A7EC05D8}.debug64|ARM64.Build.0 = debug64|Any CPU
		{AAC7AE01-25D3-4FD7-9098-0C98A7EC05D8}.debug64|x64.ActiveCfg = debug64|x64
		{AAC7AE01-25D3-4FD7-9098-0C98A7EC05D8}.debug64|x64.Build.0 = debug64|x64
		{AAC7AE01-25D3-4FD7-9098-0C98A7EC05D8}.debug64|x86.ActiveCfg = debug64|Any CPU
		{AAC7AE01-25D3-4FD7-9098-0C98A7EC05D8}.debug64|x86.Build.0 = debug64|Any CPU
		{AAC7AE01-25D3-4FD7-9098-0C98A7EC05D8}.Release|Any CPU.ActiveCfg = Release|Any CPU
		{AAC7AE01-25D3-4FD7-9098-0C98A7EC05D8}.Release|Any CPU.Build.0 = Release|Any CPU
		{AAC7AE01-25D3-4FD7-9098-0C98A7EC05D8}.Release|ARM.ActiveCfg = Release|Any CPU
		{AAC7AE01-25D3-4FD7-9098-0C98A7EC05D8}.Release|ARM.Build.0 = Release|Any CPU
		{AAC7AE01-25D3-4FD7-9098-0C98A7EC05D8}.Release|ARM64.ActiveCfg = Release|Any CPU
		{AAC7AE01-25D3-4FD7-9098-0C98A7EC05D8}.Release|ARM64.Build.0 = Release|Any CPU
		{AAC7AE01-25D3-4FD7-9098-0C98A7EC05D8}.Release|x64.ActiveCfg = Release|x64
		{AAC7AE01-25D3-4FD7-9098-0C98A7EC05D8}.Release|x64.Build.0 = Release|x64
		{AAC7AE01-25D3-4FD7-9098-0C98A7EC05D8}.Release|x86.ActiveCfg = Release|Any CPU
		{AAC7AE01-25D3-4FD7-9098-0C98A7EC05D8}.Release|x86.Build.0 = Release|Any CPU
		{E9CC1862-3DA1-44A7-96BA-E427C0053B67}.Debug|Any CPU.ActiveCfg = Debug|Any CPU
		{E9CC1862-3DA1-44A7-96BA-E427C0053B67}.Debug|Any CPU.Build.0 = Debug|Any CPU
		{E9CC1862-3DA1-44A7-96BA-E427C0053B67}.Debug|ARM.ActiveCfg = Debug|Any CPU
		{E9CC1862-3DA1-44A7-96BA-E427C0053B67}.Debug|ARM.Build.0 = Debug|Any CPU
		{E9CC1862-3DA1-44A7-96BA-E427C0053B67}.Debug|ARM64.ActiveCfg = Debug|Any CPU
		{E9CC1862-3DA1-44A7-96BA-E427C0053B67}.Debug|ARM64.Build.0 = Debug|Any CPU
		{E9CC1862-3DA1-44A7-96BA-E427C0053B67}.Debug|x64.ActiveCfg = Debug|Any CPU
		{E9CC1862-3DA1-44A7-96BA-E427C0053B67}.Debug|x64.Build.0 = Debug|Any CPU
		{E9CC1862-3DA1-44A7-96BA-E427C0053B67}.Debug|x86.ActiveCfg = Debug|Any CPU
		{E9CC1862-3DA1-44A7-96BA-E427C0053B67}.Debug|x86.Build.0 = Debug|Any CPU
		{E9CC1862-3DA1-44A7-96BA-E427C0053B67}.debug32|Any CPU.ActiveCfg = Debug|Any CPU
		{E9CC1862-3DA1-44A7-96BA-E427C0053B67}.debug32|Any CPU.Build.0 = Debug|Any CPU
		{E9CC1862-3DA1-44A7-96BA-E427C0053B67}.debug32|ARM.ActiveCfg = Debug|Any CPU
		{E9CC1862-3DA1-44A7-96BA-E427C0053B67}.debug32|ARM.Build.0 = Debug|Any CPU
		{E9CC1862-3DA1-44A7-96BA-E427C0053B67}.debug32|ARM64.ActiveCfg = Debug|Any CPU
		{E9CC1862-3DA1-44A7-96BA-E427C0053B67}.debug32|ARM64.Build.0 = Debug|Any CPU
		{E9CC1862-3DA1-44A7-96BA-E427C0053B67}.debug32|x64.ActiveCfg = Debug|Any CPU
		{E9CC1862-3DA1-44A7-96BA-E427C0053B67}.debug32|x64.Build.0 = Debug|Any CPU
		{E9CC1862-3DA1-44A7-96BA-E427C0053B67}.debug32|x86.ActiveCfg = Debug|Any CPU
		{E9CC1862-3DA1-44A7-96BA-E427C0053B67}.debug32|x86.Build.0 = Debug|Any CPU
		{E9CC1862-3DA1-44A7-96BA-E427C0053B67}.debug64|Any CPU.ActiveCfg = Debug|Any CPU
		{E9CC1862-3DA1-44A7-96BA-E427C0053B67}.debug64|Any CPU.Build.0 = Debug|Any CPU
		{E9CC1862-3DA1-44A7-96BA-E427C0053B67}.debug64|ARM.ActiveCfg = Debug|Any CPU
		{E9CC1862-3DA1-44A7-96BA-E427C0053B67}.debug64|ARM.Build.0 = Debug|Any CPU
		{E9CC1862-3DA1-44A7-96BA-E427C0053B67}.debug64|ARM64.ActiveCfg = Debug|Any CPU
		{E9CC1862-3DA1-44A7-96BA-E427C0053B67}.debug64|ARM64.Build.0 = Debug|Any CPU
		{E9CC1862-3DA1-44A7-96BA-E427C0053B67}.debug64|x64.ActiveCfg = Debug|Any CPU
		{E9CC1862-3DA1-44A7-96BA-E427C0053B67}.debug64|x64.Build.0 = Debug|Any CPU
		{E9CC1862-3DA1-44A7-96BA-E427C0053B67}.debug64|x86.ActiveCfg = Debug|Any CPU
		{E9CC1862-3DA1-44A7-96BA-E427C0053B67}.debug64|x86.Build.0 = Debug|Any CPU
		{E9CC1862-3DA1-44A7-96BA-E427C0053B67}.Release|Any CPU.ActiveCfg = Release|Any CPU
		{E9CC1862-3DA1-44A7-96BA-E427C0053B67}.Release|Any CPU.Build.0 = Release|Any CPU
		{E9CC1862-3DA1-44A7-96BA-E427C0053B67}.Release|ARM.ActiveCfg = Release|Any CPU
		{E9CC1862-3DA1-44A7-96BA-E427C0053B67}.Release|ARM.Build.0 = Release|Any CPU
		{E9CC1862-3DA1-44A7-96BA-E427C0053B67}.Release|ARM64.ActiveCfg = Release|Any CPU
		{E9CC1862-3DA1-44A7-96BA-E427C0053B67}.Release|ARM64.Build.0 = Release|Any CPU
		{E9CC1862-3DA1-44A7-96BA-E427C0053B67}.Release|x64.ActiveCfg = Release|Any CPU
		{E9CC1862-3DA1-44A7-96BA-E427C0053B67}.Release|x64.Build.0 = Release|Any CPU
		{E9CC1862-3DA1-44A7-96BA-E427C0053B67}.Release|x86.ActiveCfg = Release|Any CPU
		{E9CC1862-3DA1-44A7-96BA-E427C0053B67}.Release|x86.Build.0 = Release|Any CPU
		{91C6061F-9EB1-48E8-91E2-11C18D0E8ABA}.Debug|Any CPU.ActiveCfg = Debug|x86
		{91C6061F-9EB1-48E8-91E2-11C18D0E8ABA}.Debug|ARM.ActiveCfg = Debug|ARM
		{91C6061F-9EB1-48E8-91E2-11C18D0E8ABA}.Debug|ARM.Build.0 = Debug|ARM
		{91C6061F-9EB1-48E8-91E2-11C18D0E8ABA}.Debug|ARM.Deploy.0 = Debug|ARM
		{91C6061F-9EB1-48E8-91E2-11C18D0E8ABA}.Debug|ARM64.ActiveCfg = Debug|ARM64
		{91C6061F-9EB1-48E8-91E2-11C18D0E8ABA}.Debug|ARM64.Build.0 = Debug|ARM64
		{91C6061F-9EB1-48E8-91E2-11C18D0E8ABA}.Debug|ARM64.Deploy.0 = Debug|ARM64
		{91C6061F-9EB1-48E8-91E2-11C18D0E8ABA}.Debug|x64.ActiveCfg = Debug|x64
		{91C6061F-9EB1-48E8-91E2-11C18D0E8ABA}.Debug|x64.Build.0 = Debug|x64
		{91C6061F-9EB1-48E8-91E2-11C18D0E8ABA}.Debug|x64.Deploy.0 = Debug|x64
		{91C6061F-9EB1-48E8-91E2-11C18D0E8ABA}.Debug|x86.ActiveCfg = Debug|x86
		{91C6061F-9EB1-48E8-91E2-11C18D0E8ABA}.Debug|x86.Build.0 = Debug|x86
		{91C6061F-9EB1-48E8-91E2-11C18D0E8ABA}.Debug|x86.Deploy.0 = Debug|x86
		{91C6061F-9EB1-48E8-91E2-11C18D0E8ABA}.debug32|Any CPU.ActiveCfg = Release|x64
		{91C6061F-9EB1-48E8-91E2-11C18D0E8ABA}.debug32|Any CPU.Build.0 = Release|x64
		{91C6061F-9EB1-48E8-91E2-11C18D0E8ABA}.debug32|Any CPU.Deploy.0 = Release|x64
		{91C6061F-9EB1-48E8-91E2-11C18D0E8ABA}.debug32|ARM.ActiveCfg = Debug|ARM
		{91C6061F-9EB1-48E8-91E2-11C18D0E8ABA}.debug32|ARM.Build.0 = Debug|ARM
		{91C6061F-9EB1-48E8-91E2-11C18D0E8ABA}.debug32|ARM.Deploy.0 = Debug|ARM
		{91C6061F-9EB1-48E8-91E2-11C18D0E8ABA}.debug32|ARM64.ActiveCfg = Debug|ARM64
		{91C6061F-9EB1-48E8-91E2-11C18D0E8ABA}.debug32|ARM64.Build.0 = Debug|ARM64
		{91C6061F-9EB1-48E8-91E2-11C18D0E8ABA}.debug32|ARM64.Deploy.0 = Debug|ARM64
		{91C6061F-9EB1-48E8-91E2-11C18D0E8ABA}.debug32|x64.ActiveCfg = Debug|x64
		{91C6061F-9EB1-48E8-91E2-11C18D0E8ABA}.debug32|x64.Build.0 = Debug|x64
		{91C6061F-9EB1-48E8-91E2-11C18D0E8ABA}.debug32|x64.Deploy.0 = Debug|x64
		{91C6061F-9EB1-48E8-91E2-11C18D0E8ABA}.debug32|x86.ActiveCfg = Debug|x86
		{91C6061F-9EB1-48E8-91E2-11C18D0E8ABA}.debug32|x86.Build.0 = Debug|x86
		{91C6061F-9EB1-48E8-91E2-11C18D0E8ABA}.debug32|x86.Deploy.0 = Debug|x86
		{91C6061F-9EB1-48E8-91E2-11C18D0E8ABA}.debug64|Any CPU.ActiveCfg = Release|x64
		{91C6061F-9EB1-48E8-91E2-11C18D0E8ABA}.debug64|Any CPU.Build.0 = Release|x64
		{91C6061F-9EB1-48E8-91E2-11C18D0E8ABA}.debug64|Any CPU.Deploy.0 = Release|x64
		{91C6061F-9EB1-48E8-91E2-11C18D0E8ABA}.debug64|ARM.ActiveCfg = Debug|ARM
		{91C6061F-9EB1-48E8-91E2-11C18D0E8ABA}.debug64|ARM.Build.0 = Debug|ARM
		{91C6061F-9EB1-48E8-91E2-11C18D0E8ABA}.debug64|ARM.Deploy.0 = Debug|ARM
		{91C6061F-9EB1-48E8-91E2-11C18D0E8ABA}.debug64|ARM64.ActiveCfg = Debug|ARM64
		{91C6061F-9EB1-48E8-91E2-11C18D0E8ABA}.debug64|ARM64.Build.0 = Debug|ARM64
		{91C6061F-9EB1-48E8-91E2-11C18D0E8ABA}.debug64|ARM64.Deploy.0 = Debug|ARM64
		{91C6061F-9EB1-48E8-91E2-11C18D0E8ABA}.debug64|x64.ActiveCfg = Debug|x64
		{91C6061F-9EB1-48E8-91E2-11C18D0E8ABA}.debug64|x64.Build.0 = Debug|x64
		{91C6061F-9EB1-48E8-91E2-11C18D0E8ABA}.debug64|x64.Deploy.0 = Debug|x64
		{91C6061F-9EB1-48E8-91E2-11C18D0E8ABA}.debug64|x86.ActiveCfg = Debug|x86
		{91C6061F-9EB1-48E8-91E2-11C18D0E8ABA}.debug64|x86.Build.0 = Debug|x86
		{91C6061F-9EB1-48E8-91E2-11C18D0E8ABA}.debug64|x86.Deploy.0 = Debug|x86
		{91C6061F-9EB1-48E8-91E2-11C18D0E8ABA}.Release|Any CPU.ActiveCfg = Release|x86
		{91C6061F-9EB1-48E8-91E2-11C18D0E8ABA}.Release|ARM.ActiveCfg = Release|ARM
		{91C6061F-9EB1-48E8-91E2-11C18D0E8ABA}.Release|ARM.Build.0 = Release|ARM
		{91C6061F-9EB1-48E8-91E2-11C18D0E8ABA}.Release|ARM.Deploy.0 = Release|ARM
		{91C6061F-9EB1-48E8-91E2-11C18D0E8ABA}.Release|ARM64.ActiveCfg = Release|ARM64
		{91C6061F-9EB1-48E8-91E2-11C18D0E8ABA}.Release|ARM64.Build.0 = Release|ARM64
		{91C6061F-9EB1-48E8-91E2-11C18D0E8ABA}.Release|ARM64.Deploy.0 = Release|ARM64
		{91C6061F-9EB1-48E8-91E2-11C18D0E8ABA}.Release|x64.ActiveCfg = Release|x64
		{91C6061F-9EB1-48E8-91E2-11C18D0E8ABA}.Release|x64.Build.0 = Release|x64
		{91C6061F-9EB1-48E8-91E2-11C18D0E8ABA}.Release|x64.Deploy.0 = Release|x64
		{91C6061F-9EB1-48E8-91E2-11C18D0E8ABA}.Release|x86.ActiveCfg = Release|x86
		{91C6061F-9EB1-48E8-91E2-11C18D0E8ABA}.Release|x86.Build.0 = Release|x86
		{91C6061F-9EB1-48E8-91E2-11C18D0E8ABA}.Release|x86.Deploy.0 = Release|x86
	EndGlobalSection
	GlobalSection(SolutionProperties) = preSolution
		HideSolutionNode = FALSE
	EndGlobalSection
	GlobalSection(ExtensibilityGlobals) = postSolution
		SolutionGuid = {3804030D-DC74-4034-8CD8-53BB87F985BA}
	EndGlobalSection
EndGlobal
